
Microsoft Visual Studio Solution File, Format Version 12.00
# Visual Studio Version 17
VisualStudioVersion = 17.9.34701.34
MinimumVisualStudioVersion = 10.0.40219.1
Project("{FAE04EC0-301F-11D3-BF4B-00C04F79EFBC}") = "SebastianLargo_TallerMVC", "SebastianLargo_TallerMVC.csproj", "{F310209B-0836-4B37-9BE8-6FFE120035F7}"
EndProject
Global
	GlobalSection(SolutionConfigurationPlatforms) = preSolution
		Debug|Any CPU = Debug|Any CPU
		Release|Any CPU = Release|Any CPU
	EndGlobalSection
	GlobalSection(ProjectConfigurationPlatforms) = postSolution
		{F310209B-0836-4B37-9BE8-6FFE120035F7}.Debug|Any CPU.ActiveCfg = Debug|Any CPU
		{F310209B-0836-4B37-9BE8-6FFE120035F7}.Debug|Any CPU.Build.0 = Debug|Any CPU
		{F310209B-0836-4B37-9BE8-6FFE120035F7}.Release|Any CPU.ActiveCfg = Release|Any CPU
		{F310209B-0836-4B37-9BE8-6FFE120035F7}.Release|Any CPU.Build.0 = Release|Any CPU
	EndGlobalSection
	GlobalSection(SolutionProperties) = preSolution
		HideSolutionNode = FALSE
	EndGlobalSection
	GlobalSection(ExtensibilityGlobals) = postSolution
		SolutionGuid = {FD82F8E3-809B-4024-BD0F-D8FF46CD78BF}
	EndGlobalSection
EndGlobal
